
Microsoft Visual Studio Solution File, Format Version 12.00
# Visual Studio 14
VisualStudioVersion = 14.0.25420.1
MinimumVisualStudioVersion = 10.0.40219.1
Project("{FAE04EC0-301F-11D3-BF4B-00C04F79EFBC}") = "append", "append\append.csproj", "{29E48FBD-A89D-48A0-9CCC-2B5C7BA90CFA}"
EndProject
Project("{FAE04EC0-301F-11D3-BF4B-00C04F79EFBC}") = "infix to postfix", "infix to postfix\infix to postfix.csproj", "{A42CDDA0-0205-47C6-AF4A-D20316DD11A6}"
EndProject
Global
	GlobalSection(SolutionConfigurationPlatforms) = preSolution
		Debug|Any CPU = Debug|Any CPU
		Release|Any CPU = Release|Any CPU
	EndGlobalSection
	GlobalSection(ProjectConfigurationPlatforms) = postSolution
		{29E48FBD-A89D-48A0-9CCC-2B5C7BA90CFA}.Debug|Any CPU.ActiveCfg = Debug|Any CPU
		{29E48FBD-A89D-48A0-9CCC-2B5C7BA90CFA}.Debug|Any CPU.Build.0 = Debug|Any CPU
		{29E48FBD-A89D-48A0-9CCC-2B5C7BA90CFA}.Release|Any CPU.ActiveCfg = Release|Any CPU
		{29E48FBD-A89D-48A0-9CCC-2B5C7BA90CFA}.Release|Any CPU.Build.0 = Release|Any CPU
		{A42CDDA0-0205-47C6-AF4A-D20316DD11A6}.Debug|Any CPU.ActiveCfg = Debug|Any CPU
		{A42CDDA0-0205-47C6-AF4A-D20316DD11A6}.Debug|Any CPU.Build.0 = Debug|Any CPU
		{A42CDDA0-0205-47C6-AF4A-D20316DD11A6}.Release|Any CPU.ActiveCfg = Release|Any CPU
		{A42CDDA0-0205-47C6-AF4A-D20316DD11A6}.Release|Any CPU.Build.0 = Release|Any CPU
	EndGlobalSection
	GlobalSection(SolutionProperties) = preSolution
		HideSolutionNode = FALSE
	EndGlobalSection
EndGlobal
